
Microsoft Visual Studio Solution File, Format Version 12.00
# Visual Studio Version 17
VisualStudioVersion = 17.10.35013.160
MinimumVisualStudioVersion = 10.0.40219.1
Project("{FAE04EC0-301F-11D3-BF4B-00C04F79EFBC}") = "Tarea 3", "Tarea 3\Tarea 3.csproj", "{C4F66AF7-B003-4CFB-8F17-71A47306374A}"
EndProject
Global
	GlobalSection(SolutionConfigurationPlatforms) = preSolution
		Debug|Any CPU = Debug|Any CPU
		Release|Any CPU = Release|Any CPU
	EndGlobalSection
	GlobalSection(ProjectConfigurationPlatforms) = postSolution
		{C4F66AF7-B003-4CFB-8F17-71A47306374A}.Debug|Any CPU.ActiveCfg = Debug|Any CPU
		{C4F66AF7-B003-4CFB-8F17-71A47306374A}.Debug|Any CPU.Build.0 = Debug|Any CPU
		{C4F66AF7-B003-4CFB-8F17-71A47306374A}.Release|Any CPU.ActiveCfg = Release|Any CPU
		{C4F66AF7-B003-4CFB-8F17-71A47306374A}.Release|Any CPU.Build.0 = Release|Any CPU
	EndGlobalSection
	GlobalSection(SolutionProperties) = preSolution
		HideSolutionNode = FALSE
	EndGlobalSection
	GlobalSection(ExtensibilityGlobals) = postSolution
		SolutionGuid = {C8311A90-F683-465F-B028-0132A4E6AF71}
	EndGlobalSection
EndGlobal
